
Microsoft Visual Studio Solution File, Format Version 12.00
# Visual Studio Version 17
VisualStudioVersion = 17.7.34024.191
MinimumVisualStudioVersion = 10.0.40219.1
Project("{9A19103F-16F7-4668-BE54-9A1E7A4F7556}") = "DiscordBot", "DiscordBot\DiscordBot.csproj", "{EB83DEEB-00B5-45E1-824F-F95E8F1E44BD}"
EndProject
Project("{9A19103F-16F7-4668-BE54-9A1E7A4F7556}") = "DiscordBot.Entry", "DiscordBot.Entry\DiscordBot.Entry.csproj", "{4AF97BBC-D83C-4C19-928F-8F57C6CF6EC6}"
EndProject
Project("{9A19103F-16F7-4668-BE54-9A1E7A4F7556}") = "DiscordBot.Database", "DiscordBot.Database\DiscordBot.Database.csproj", "{89D49E82-C04E-4185-9A90-9A04189A73E8}"
EndProject
Project("{FAE04EC0-301F-11D3-BF4B-00C04F79EFBC}") = "DiscordBot.Tests", "DiscordBot.Tests\DiscordBot.Tests.csproj", "{4DA0C8F5-81DA-475F-AFC6-BFB11578AB60}"
EndProject
Global
	GlobalSection(SolutionConfigurationPlatforms) = preSolution
		Debug|Any CPU = Debug|Any CPU
		Release|Any CPU = Release|Any CPU
	EndGlobalSection
	GlobalSection(ProjectConfigurationPlatforms) = postSolution
		{EB83DEEB-00B5-45E1-824F-F95E8F1E44BD}.Debug|Any CPU.ActiveCfg = Debug|Any CPU
		{EB83DEEB-00B5-45E1-824F-F95E8F1E44BD}.Debug|Any CPU.Build.0 = Debug|Any CPU
		{EB83DEEB-00B5-45E1-824F-F95E8F1E44BD}.Release|Any CPU.ActiveCfg = Release|Any CPU
		{EB83DEEB-00B5-45E1-824F-F95E8F1E44BD}.Release|Any CPU.Build.0 = Release|Any CPU
		{4AF97BBC-D83C-4C19-928F-8F57C6CF6EC6}.Debug|Any CPU.ActiveCfg = Debug|Any CPU
		{4AF97BBC-D83C-4C19-928F-8F57C6CF6EC6}.Debug|Any CPU.Build.0 = Debug|Any CPU
		{4AF97BBC-D83C-4C19-928F-8F57C6CF6EC6}.Release|Any CPU.ActiveCfg = Release|Any CPU
		{4AF97BBC-D83C-4C19-928F-8F57C6CF6EC6}.Release|Any CPU.Build.0 = Release|Any CPU
		{89D49E82-C04E-4185-9A90-9A04189A73E8}.Debug|Any CPU.ActiveCfg = Debug|Any CPU
		{89D49E82-C04E-4185-9A90-9A04189A73E8}.Debug|Any CPU.Build.0 = Debug|Any CPU
		{89D49E82-C04E-4185-9A90-9A04189A73E8}.Release|Any CPU.ActiveCfg = Release|Any CPU
		{89D49E82-C04E-4185-9A90-9A04189A73E8}.Release|Any CPU.Build.0 = Release|Any CPU
		{4DA0C8F5-81DA-475F-AFC6-BFB11578AB60}.Debug|Any CPU.ActiveCfg = Debug|Any CPU
		{4DA0C8F5-81DA-475F-AFC6-BFB11578AB60}.Debug|Any CPU.Build.0 = Debug|Any CPU
		{4DA0C8F5-81DA-475F-AFC6-BFB11578AB60}.Release|Any CPU.ActiveCfg = Release|Any CPU
		{4DA0C8F5-81DA-475F-AFC6-BFB11578AB60}.Release|Any CPU.Build.0 = Release|Any CPU
	EndGlobalSection
	GlobalSection(SolutionProperties) = preSolution
		HideSolutionNode = FALSE
	EndGlobalSection
	GlobalSection(ExtensibilityGlobals) = postSolution
		SolutionGuid = {D483FEA1-129B-4602-BC58-B08CD42AD172}
	EndGlobalSection
EndGlobal
